
Microsoft Visual Studio Solution File, Format Version 12.00
# Visual Studio 15
VisualStudioVersion = 15.0.26929.2
MinimumVisualStudioVersion = 10.0.40219.1
Project("{9A19103F-16F7-4668-BE54-9A1E7A4F7556}") = "Xamarin.Build.AsyncTask", "Xamarin.Build.AsyncTask\Xamarin.Build.AsyncTask.csproj", "{A16B8369-E111-4BFE-8CA6-F24AB8C91609}"
EndProject
Project("{2150E333-8FDC-42A3-9474-1A3956D46DE8}") = "Solution Items", "Solution Items", "{DF5EFF54-13EC-4D70-A450-5220E707D8CC}"
	ProjectSection(SolutionItems) = preProject
		.editorconfig = .editorconfig
		.gitignore = .gitignore
		GitInfo.txt = GitInfo.txt
		LICENSE = LICENSE
		README.md = README.md
	EndProjectSection
EndProject
Global
	GlobalSection(SolutionConfigurationPlatforms) = preSolution
		Debug|Any CPU = Debug|Any CPU
		Release|Any CPU = Release|Any CPU
	EndGlobalSection
	GlobalSection(ProjectConfigurationPlatforms) = postSolution
		{A16B8369-E111-4BFE-8CA6-F24AB8C91609}.Debug|Any CPU.ActiveCfg = Debug|Any CPU
		{A16B8369-E111-4BFE-8CA6-F24AB8C91609}.Debug|Any CPU.Build.0 = Debug|Any CPU
		{A16B8369-E111-4BFE-8CA6-F24AB8C91609}.Release|Any CPU.ActiveCfg = Release|Any CPU
		{A16B8369-E111-4BFE-8CA6-F24AB8C91609}.Release|Any CPU.Build.0 = Release|Any CPU
	EndGlobalSection
	GlobalSection(SolutionProperties) = preSolution
		HideSolutionNode = FALSE
	EndGlobalSection
	GlobalSection(ExtensibilityGlobals) = postSolution
		SolutionGuid = {B7C773E2-CD1E-467E-A1AC-96BBA418D089}
	EndGlobalSection
EndGlobal
